// !$*UTF8*$!
{
	archiveVersion = 1;
	classes = {
	};
	objectVersion = 56;
	objects = {

/* Begin PBXBuildFile section */
		6242E64B2A95EC9100134A17 /* CaloriesApp.swift in Sources */ = {isa = PBXBuildFile; fileRef = 6242E64A2A95EC9100134A17 /* CaloriesApp.swift */; };
		6242E64D2A95EC9100134A17 /* ContentView.swift in Sources */ = {isa = PBXBuildFile; fileRef = 6242E64C2A95EC9100134A17 /* ContentView.swift */; };
		6242E64F2A95EC9200134A17 /* Assets.xcassets in Resources */ = {isa = PBXBuildFile; fileRef = 6242E64E2A95EC9200134A17 /* Assets.xcassets */; };
		6242E6522A95EC9200134A17 /* Preview Assets.xcassets in Resources */ = {isa = PBXBuildFile; fileRef = 6242E6512A95EC9200134A17 /* Preview Assets.xcassets */; };
		6242E65B2A95ED3600134A17 /* FoodModel.xcdatamodeld in Sources */ = {isa = PBXBuildFile; fileRef = 6242E6592A95ED3600134A17 /* FoodModel.xcdatamodeld */; };
		6242E65D2A95EEB400134A17 /* DataController.swift in Sources */ = {isa = PBXBuildFile; fileRef = 6242E65C2A95EEB400134A17 /* DataController.swift */; };
		6242E6602A960BF500134A17 /* SQLite in Frameworks */ = {isa = PBXBuildFile; productRef = 6242E65F2A960BF500134A17 /* SQLite */; };
		6242E6642A962E3100134A17 /* AddFoodView.swift in Sources */ = {isa = PBXBuildFile; fileRef = 6242E6632A962E3100134A17 /* AddFoodView.swift */; };
		6242E6662A9631AB00134A17 /* TimeFormating.swift in Sources */ = {isa = PBXBuildFile; fileRef = 6242E6652A9631AB00134A17 /* TimeFormating.swift */; };
		6242E6682A971FDC00134A17 /* EditFoodView.swift in Sources */ = {isa = PBXBuildFile; fileRef = 6242E6672A971FDC00134A17 /* EditFoodView.swift */; };
/* End PBXBuildFile section */

/* Begin PBXFileReference section */
		6242E6472A95EC9100134A17 /* Calories.app */ = {isa = PBXFileReference; explicitFileType = wrapper.application; includeInIndex = 0; path = Calories.app; sourceTree = BUILT_PRODUCTS_DIR; };
		6242E64A2A95EC9100134A17 /* CaloriesApp.swift */ = {isa = PBXFileReference; lastKnownFileType = sourcecode.swift; path = CaloriesApp.swift; sourceTree = "<group>"; };
		6242E64C2A95EC9100134A17 /* ContentView.swift */ = {isa = PBXFileReference; lastKnownFileType = sourcecode.swift; path = ContentView.swift; sourceTree = "<group>"; };
		6242E64E2A95EC9200134A17 /* Assets.xcassets */ = {isa = PBXFileReference; lastKnownFileType = folder.assetcatalog; path = Assets.xcassets; sourceTree = "<group>"; };
		6242E6512A95EC9200134A17 /* Preview Assets.xcassets */ = {isa = PBXFileReference; lastKnownFileType = folder.assetcatalog; path = "Preview Assets.xcassets"; sourceTree = "<group>"; };
		6242E65A2A95ED3600134A17 /* FoodModel.xcdatamodel */ = {isa = PBXFileReference; lastKnownFileType = wrapper.xcdatamodel; path = FoodModel.xcdatamodel; sourceTree = "<group>"; };
		6242E65C2A95EEB400134A17 /* DataController.swift */ = {isa = PBXFileReference; lastKnownFileType = sourcecode.swift; path = DataController.swift; sourceTree = "<group>"; };
		6242E6632A962E3100134A17 /* AddFoodView.swift */ = {isa = PBXFileReference; lastKnownFileType = sourcecode.swift; path = AddFoodView.swift; sourceTree = "<group>"; };
		6242E6652A9631AB00134A17 /* TimeFormating.swift */ = {isa = PBXFileReference; lastKnownFileType = sourcecode.swift; path = TimeFormating.swift; sourceTree = "<group>"; };
		6242E6672A971FDC00134A17 /* EditFoodView.swift */ = {isa = PBXFileReference; lastKnownFileType = sourcecode.swift; path = EditFoodView.swift; sourceTree = "<group>"; };
/* End PBXFileReference section */

/* Begin PBXFrameworksBuildPhase section */
		6242E6442A95EC9100134A17 /* Frameworks */ = {
			isa = PBXFrameworksBuildPhase;
			buildActionMask = 2147483647;
			files = (
				6242E6602A960BF500134A17 /* SQLite in Frameworks */,
			);
			runOnlyForDeploymentPostprocessing = 0;
		};
/* End PBXFrameworksBuildPhase section */

/* Begin PBXGroup section */
		6242E63E2A95EC9100134A17 = {
			isa = PBXGroup;
			children = (
				6242E6492A95EC9100134A17 /* Calories */,
				6242E6482A95EC9100134A17 /* Products */,
			);
			sourceTree = "<group>";
		};
		6242E6482A95EC9100134A17 /* Products */ = {
			isa = PBXGroup;
			children = (
				6242E6472A95EC9100134A17 /* Calories.app */,
			);
			name = Products;
			sourceTree = "<group>";
		};
		6242E6492A95EC9100134A17 /* Calories */ = {
			isa = PBXGroup;
			children = (
				6242E64A2A95EC9100134A17 /* CaloriesApp.swift */,
				6242E6622A962D7700134A17 /* Helpers */,
				6242E6612A962D6C00134A17 /* Views */,
				6242E6582A95ED1900134A17 /* DataModel */,
				6242E64E2A95EC9200134A17 /* Assets.xcassets */,
				6242E6502A95EC9200134A17 /* Preview Content */,
			);
			path = Calories;
			sourceTree = "<group>";
		};
		6242E6502A95EC9200134A17 /* Preview Content */ = {
			isa = PBXGroup;
			children = (
				6242E6512A95EC9200134A17 /* Preview Assets.xcassets */,
			);
			path = "Preview Content";
			sourceTree = "<group>";
		};
		6242E6582A95ED1900134A17 /* DataModel */ = {
			isa = PBXGroup;
			children = (
				6242E6592A95ED3600134A17 /* FoodModel.xcdatamodeld */,
				6242E65C2A95EEB400134A17 /* DataController.swift */,
			);
			path = DataModel;
			sourceTree = "<group>";
		};
		6242E6612A962D6C00134A17 /* Views */ = {
			isa = PBXGroup;
			children = (
				6242E64C2A95EC9100134A17 /* ContentView.swift */,
				6242E6632A962E3100134A17 /* AddFoodView.swift */,
				6242E6672A971FDC00134A17 /* EditFoodView.swift */,
			);
			path = Views;
			sourceTree = "<group>";
		};
		6242E6622A962D7700134A17 /* Helpers */ = {
			isa = PBXGroup;
			children = (
				6242E6652A9631AB00134A17 /* TimeFormating.swift */,
			);
			path = Helpers;
			sourceTree = "<group>";
		};
/* End PBXGroup section */

/* Begin PBXNativeTarget section */
		6242E6462A95EC9100134A17 /* Calories */ = {
			isa = PBXNativeTarget;
			buildConfigurationList = 6242E6552A95EC9200134A17 /* Build configuration list for PBXNativeTarget "Calories" */;
			buildPhases = (
				6242E6432A95EC9100134A17 /* Sources */,
				6242E6442A95EC9100134A17 /* Frameworks */,
				6242E6452A95EC9100134A17 /* Resources */,
			);
			buildRules = (
			);
			dependencies = (
			);
			name = Calories;
			packageProductDependencies = (
				6242E65F2A960BF500134A17 /* SQLite */,
			);
			productName = Calories;
			productReference = 6242E6472A95EC9100134A17 /* Calories.app */;
			productType = "com.apple.product-type.application";
		};
/* End PBXNativeTarget section */

/* Begin PBXProject section */
		6242E63F2A95EC9100134A17 /* Project object */ = {
			isa = PBXProject;
			attributes = {
				BuildIndependentTargetsInParallel = 1;
				LastSwiftUpdateCheck = 1430;
				LastUpgradeCheck = 1430;
				TargetAttributes = {
					6242E6462A95EC9100134A17 = {
						CreatedOnToolsVersion = 14.3;
					};
				};
			};
			buildConfigurationList = 6242E6422A95EC9100134A17 /* Build configuration list for PBXProject "Calories" */;
			compatibilityVersion = "Xcode 14.0";
			developmentRegion = en;
			hasScannedForEncodings = 0;
			knownRegions = (
				en,
				Base,
			);
			mainGroup = 6242E63E2A95EC9100134A17;
			packageReferences = (
				6242E65E2A960BF500134A17 /* XCRemoteSwiftPackageReference "SQLite.swift" */,
			);
			productRefGroup = 6242E6482A95EC9100134A17 /* Products */;
			projectDirPath = "";
			projectRoot = "";
			targets = (
				6242E6462A95EC9100134A17 /* Calories */,
			);
		};
/* End PBXProject section */

/* Begin PBXResourcesBuildPhase section */
		6242E6452A95EC9100134A17 /* Resources */ = {
			isa = PBXResourcesBuildPhase;
			buildActionMask = 2147483647;
			files = (
				6242E6522A95EC9200134A17 /* Preview Assets.xcassets in Resources */,
				6242E64F2A95EC9200134A17 /* Assets.xcassets in Resources */,
			);
			runOnlyForDeploymentPostprocessing = 0;
		};
/* End PBXResourcesBuildPhase section */

/* Begin PBXSourcesBuildPhase section */
		6242E6432A95EC9100134A17 /* Sources */ = {
			isa = PBXSourcesBuildPhase;
			buildActionMask = 2147483647;
			files = (
				6242E6642A962E3100134A17 /* AddFoodView.swift in Sources */,
				6242E64D2A95EC9100134A17 /* ContentView.swift in Sources */,
				6242E65D2A95EEB400134A17 /* DataController.swift in Sources */,
				6242E64B2A95EC9100134A17 /* CaloriesApp.swift in Sources */,
				6242E6662A9631AB00134A17 /* TimeFormating.swift in Sources */,
				6242E6682A971FDC00134A17 /* EditFoodView.swift in Sources */,
				6242E65B2A95ED3600134A17 /* FoodModel.xcdatamodeld in Sources */,
			);
			runOnlyForDeploymentPostprocessing = 0;
		};
/* End PBXSourcesBuildPhase section */

/* Begin XCBuildConfiguration section */
		6242E6532A95EC9200134A17 /* Debug */ = {
			isa = XCBuildConfiguration;
			buildSettings = {
				ALWAYS_SEARCH_USER_PATHS = NO;
				CLANG_ANALYZER_NONNULL = YES;
				CLANG_ANALYZER_NUMBER_OBJECT_CONVERSION = YES_AGGRESSIVE;
				CLANG_CXX_LANGUAGE_STANDARD = "gnu++20";
				CLANG_ENABLE_MODULES = YES;
				CLANG_ENABLE_OBJC_ARC = YES;
				CLANG_ENABLE_OBJC_WEAK = YES;
				CLANG_WARN_BLOCK_CAPTURE_AUTORELEASING = YES;
				CLANG_WARN_BOOL_CONVERSION = YES;
				CLANG_WARN_COMMA = YES;
				CLANG_WARN_CONSTANT_CONVERSION = YES;
				CLANG_WARN_DEPRECATED_OBJC_IMPLEMENTATIONS = YES;
				CLANG_WARN_DIRECT_OBJC_ISA_USAGE = YES_ERROR;
				CLANG_WARN_DOCUMENTATION_COMMENTS = YES;
				CLANG_WARN_EMPTY_BODY = YES;
				CLANG_WARN_ENUM_CONVERSION = YES;
				CLANG_WARN_INFINITE_RECURSION = YES;
				CLANG_WARN_INT_CONVERSION = YES;
				CLANG_WARN_NON_LITERAL_NULL_CONVERSION = YES;
				CLANG_WARN_OBJC_IMPLICIT_RETAIN_SELF = YES;
				CLANG_WARN_OBJC_LITERAL_CONVERSION = YES;
				CLANG_WARN_OBJC_ROOT_CLASS = YES_ERROR;
				CLANG_WARN_QUOTED_INCLUDE_IN_FRAMEWORK_HEADER = YES;
				CLANG_WARN_RANGE_LOOP_ANALYSIS = YES;
				CLANG_WARN_STRICT_PROTOTYPES = YES;
				CLANG_WARN_SUSPICIOUS_MOVE = YES;
				CLANG_WARN_UNGUARDED_AVAILABILITY = YES_AGGRESSIVE;
				CLANG_WARN_UNREACHABLE_CODE = YES;
				CLANG_WARN__DUPLICATE_METHOD_MATCH = YES;
				COPY_PHASE_STRIP = NO;
				DEBUG_INFORMATION_FORMAT = dwarf;
				ENABLE_STRICT_OBJC_MSGSEND = YES;
				ENABLE_TESTABILITY = YES;
				GCC_C_LANGUAGE_STANDARD = gnu11;
				GCC_DYNAMIC_NO_PIC = NO;
				GCC_NO_COMMON_BLOCKS = YES;
				GCC_OPTIMIZATION_LEVEL = 0;
				GCC_PREPROCESSOR_DEFINITIONS = (
					"DEBUG=1",
					"$(inherited)",
				);
				GCC_WARN_64_TO_32_BIT_CONVERSION = YES;
				GCC_WARN_ABOUT_RETURN_TYPE = YES_ERROR;
				GCC_WARN_UNDECLARED_SELECTOR = YES;
				GCC_WARN_UNINITIALIZED_AUTOS = YES_AGGRESSIVE;
				GCC_WARN_UNUSED_FUNCTION = YES;
				GCC_WARN_UNUSED_VARIABLE = YES;
				IPHONEOS_DEPLOYMENT_TARGET = 16.4;
				MTL_ENABLE_DEBUG_INFO = INCLUDE_SOURCE;
				MTL_FAST_MATH = YES;
				ONLY_ACTIVE_ARCH = YES;
				SDKROOT = iphoneos;
				SWIFT_ACTIVE_COMPILATION_CONDITIONS = DEBUG;
				SWIFT_OPTIMIZATION_LEVEL = "-Onone";
			};
			name = Debug;
		};
		6242E6542A95EC9200134A17 /* Release */ = {
			isa = XCBuildConfiguration;
			buildSettings = {
				ALWAYS_SEARCH_USER_PATHS = NO;
				CLANG_ANALYZER_NONNULL = YES;
				CLANG_ANALYZER_NUMBER_OBJECT_CONVERSION = YES_AGGRESSIVE;
				CLANG_CXX_LANGUAGE_STANDARD = "gnu++20";
				CLANG_ENABLE_MODULES = YES;
				CLANG_ENABLE_OBJC_ARC = YES;
				CLANG_ENABLE_OBJC_WEAK = YES;
				CLANG_WARN_BLOCK_CAPTURE_AUTORELEASING = YES;
				CLANG_WARN_BOOL_CONVERSION = YES;
				CLANG_WARN_COMMA = YES;
				CLANG_WARN_CONSTANT_CONVERSION = YES;
				CLANG_WARN_DEPRECATED_OBJC_IMPLEMENTATIONS = YES;
				CLANG_WARN_DIRECT_OBJC_ISA_USAGE = YES_ERROR;
				CLANG_WARN_DOCUMENTATION_COMMENTS = YES;
				CLANG_WARN_EMPTY_BODY = YES;
				CLANG_WARN_ENUM_CONVERSION = YES;
				CLANG_WARN_INFINITE_RECURSION = YES;
				CLANG_WARN_INT_CONVERSION = YES;
				CLANG_WARN_NON_LITERAL_NULL_CONVERSION = YES;
				CLANG_WARN_OBJC_IMPLICIT_RETAIN_SELF = YES;
				CLANG_WARN_OBJC_LITERAL_CONVERSION = YES;
				CLANG_WARN_OBJC_ROOT_CLASS = YES_ERROR;
				CLANG_WARN_QUOTED_INCLUDE_IN_FRAMEWORK_HEADER = YES;
				CLANG_WARN_RANGE_LOOP_ANALYSIS = YES;
				CLANG_WARN_STRICT_PROTOTYPES = YES;
				CLANG_WARN_SUSPICIOUS_MOVE = YES;
				CLANG_WARN_UNGUARDED_AVAILABILITY = YES_AGGRESSIVE;
				CLANG_WARN_UNREACHABLE_CODE = YES;
				CLANG_WARN__DUPLICATE_METHOD_MATCH = YES;
				COPY_PHASE_STRIP = NO;
				DEBUG_INFORMATION_FORMAT = "dwarf-with-dsym";
				ENABLE_NS_ASSERTIONS = NO;
				ENABLE_STRICT_OBJC_MSGSEND = YES;
				GCC_C_LANGUAGE_STANDARD = gnu11;
				GCC_NO_COMMON_BLOCKS = YES;
				GCC_WARN_64_TO_32_BIT_CONVERSION = YES;
				GCC_WARN_ABOUT_RETURN_TYPE = YES_ERROR;
				GCC_WARN_UNDECLARED_SELECTOR = YES;
				GCC_WARN_UNINITIALIZED_AUTOS = YES_AGGRESSIVE;
				GCC_WARN_UNUSED_FUNCTION = YES;
				GCC_WARN_UNUSED_VARIABLE = YES;
				IPHONEOS_DEPLOYMENT_TARGET = 16.4;
				MTL_ENABLE_DEBUG_INFO = NO;
				MTL_FAST_MATH = YES;
				SDKROOT = iphoneos;
				SWIFT_COMPILATION_MODE = wholemodule;
				SWIFT_OPTIMIZATION_LEVEL = "-O";
				VALIDATE_PRODUCT = YES;
			};
			name = Release;
		};
		6242E6562A95EC9200134A17 /* Debug */ = {
			isa = XCBuildConfiguration;
			buildSettings = {
				ASSETCATALOG_COMPILER_APPICON_NAME = AppIcon;
				ASSETCATALOG_COMPILER_GLOBAL_ACCENT_COLOR_NAME = AccentColor;
				CODE_SIGN_STYLE = Automatic;
				CURRENT_PROJECT_VERSION = 1;
				DEVELOPMENT_ASSET_PATHS = "\"Calories/Preview Content\"";
				DEVELOPMENT_TEAM = YT2ARWM4PW;
				ENABLE_PREVIEWS = YES;
				GENERATE_INFOPLIST_FILE = YES;
				INFOPLIST_KEY_UIApplicationSceneManifest_Generation = YES;
				INFOPLIST_KEY_UIApplicationSupportsIndirectInputEvents = YES;
				INFOPLIST_KEY_UILaunchScreen_Generation = YES;
				INFOPLIST_KEY_UISupportedInterfaceOrientations_iPad = "UIInterfaceOrientationPortrait UIInterfaceOrientationPortraitUpsideDown UIInterfaceOrientationLandscapeLeft UIInterfaceOrientationLandscapeRight";
				INFOPLIST_KEY_UISupportedInterfaceOrientations_iPhone = "UIInterfaceOrientationPortrait UIInterfaceOrientationLandscapeLeft UIInterfaceOrientationLandscapeRight";
				LD_RUNPATH_SEARCH_PATHS = (
					"$(inherited)",
					"@executable_path/Frameworks",
				);
				MARKETING_VERSION = 1.0;
				PRODUCT_BUNDLE_IDENTIFIER = com.codding.Calories;
				PRODUCT_NAME = "$(TARGET_NAME)";
				SWIFT_EMIT_LOC_STRINGS = YES;
				SWIFT_VERSION = 5.0;
				TARGETED_DEVICE_FAMILY = "1,2";
			};
			name = Debug;
		};
		6242E6572A95EC9200134A17 /* Release */ = {
			isa = XCBuildConfiguration;
			buildSettings = {
				ASSETCATALOG_COMPILER_APPICON_NAME = AppIcon;
				ASSETCATALOG_COMPILER_GLOBAL_ACCENT_COLOR_NAME = AccentColor;
				CODE_SIGN_STYLE = Automatic;
				CURRENT_PROJECT_VERSION = 1;
				DEVELOPMENT_ASSET_PATHS = "\"Calories/Preview Content\"";
				DEVELOPMENT_TEAM = YT2ARWM4PW;
				ENABLE_PREVIEWS = YES;
				GENERATE_INFOPLIST_FILE = YES;
				INFOPLIST_KEY_UIApplicationSceneManifest_Generation = YES;
				INFOPLIST_KEY_UIApplicationSupportsIndirectInputEvents = YES;
				INFOPLIST_KEY_UILaunchScreen_Generation = YES;
				INFOPLIST_KEY_UISupportedInterfaceOrientations_iPad = "UIInterfaceOrientationPortrait UIInterfaceOrientationPortraitUpsideDown UIInterfaceOrientationLandscapeLeft UIInterfaceOrientationLandscapeRight";
				INFOPLIST_KEY_UISupportedInterfaceOrientations_iPhone = "UIInterfaceOrientationPortrait UIInterfaceOrientationLandscapeLeft UIInterfaceOrientationLandscapeRight";
				LD_RUNPATH_SEARCH_PATHS = (
					"$(inherited)",
					"@executable_path/Frameworks",
				);
				MARKETING_VERSION = 1.0;
				PRODUCT_BUNDLE_IDENTIFIER = com.codding.Calories;
				PRODUCT_NAME = "$(TARGET_NAME)";
				SWIFT_EMIT_LOC_STRINGS = YES;
				SWIFT_VERSION = 5.0;
				TARGETED_DEVICE_FAMILY = "1,2";
			};
			name = Release;
		};
/* End XCBuildConfiguration section */

/* Begin XCConfigurationList section */
		6242E6422A95EC9100134A17 /* Build configuration list for PBXProject "Calories" */ = {
			isa = XCConfigurationList;
			buildConfigurations = (
				6242E6532A95EC9200134A17 /* Debug */,
				6242E6542A95EC9200134A17 /* Release */,
			);
			defaultConfigurationIsVisible = 0;
			defaultConfigurationName = Release;
		};
		6242E6552A95EC9200134A17 /* Build configuration list for PBXNativeTarget "Calories" */ = {
			isa = XCConfigurationList;
			buildConfigurations = (
				6242E6562A95EC9200134A17 /* Debug */,
				6242E6572A95EC9200134A17 /* Release */,
			);
			defaultConfigurationIsVisible = 0;
			defaultConfigurationName = Release;
		};
/* End XCConfigurationList section */

/* Begin XCRemoteSwiftPackageReference section */
		6242E65E2A960BF500134A17 /* XCRemoteSwiftPackageReference "SQLite.swift" */ = {
			isa = XCRemoteSwiftPackageReference;
			repositoryURL = "https://github.com/stephencelis/SQLite.swift.git";
			requirement = {
				kind = upToNextMajorVersion;
				minimumVersion = 0.14.1;
			};
		};
/* End XCRemoteSwiftPackageReference section */

/* Begin XCSwiftPackageProductDependency section */
		6242E65F2A960BF500134A17 /* SQLite */ = {
			isa = XCSwiftPackageProductDependency;
			package = 6242E65E2A960BF500134A17 /* XCRemoteSwiftPackageReference "SQLite.swift" */;
			productName = SQLite;
		};
/* End XCSwiftPackageProductDependency section */

/* Begin XCVersionGroup section */
		6242E6592A95ED3600134A17 /* FoodModel.xcdatamodeld */ = {
			isa = XCVersionGroup;
			children = (
				6242E65A2A95ED3600134A17 /* FoodModel.xcdatamodel */,
			);
			currentVersion = 6242E65A2A95ED3600134A17 /* FoodModel.xcdatamodel */;
			path = FoodModel.xcdatamodeld;
			sourceTree = "<group>";
			versionGroupType = wrapper.xcdatamodel;
		};
/* End XCVersionGroup section */
	};
	rootObject = 6242E63F2A95EC9100134A17 /* Project object */;
}
